
Microsoft Visual Studio Solution File, Format Version 12.00
# Visual Studio Version 17
VisualStudioVersion = 17.11.35312.102
MinimumVisualStudioVersion = 10.0.40219.1
Project("{9A19103F-16F7-4668-BE54-9A1E7A4F7556}") = "Weather.Services", "Weather.Services\Weather.Services.csproj", "{84B3F89C-6676-4DA7-B7C5-9A1A1AA8D7D4}"
EndProject
Project("{FAE04EC0-301F-11D3-BF4B-00C04F79EFBC}") = "Weather.Services.Intrgration.Tests", "Weather.Services.Tests\Weather.Services.Intrgration.Tests.csproj", "{F8B92195-8B77-4C86-895C-C0630DD3DB60}"
EndProject
Global
	GlobalSection(SolutionConfigurationPlatforms) = preSolution
		Debug|Any CPU = Debug|Any CPU
		Release|Any CPU = Release|Any CPU
	EndGlobalSection
	GlobalSection(ProjectConfigurationPlatforms) = postSolution
		{84B3F89C-6676-4DA7-B7C5-9A1A1AA8D7D4}.Debug|Any CPU.ActiveCfg = Debug|Any CPU
		{84B3F89C-6676-4DA7-B7C5-9A1A1AA8D7D4}.Debug|Any CPU.Build.0 = Debug|Any CPU
		{84B3F89C-6676-4DA7-B7C5-9A1A1AA8D7D4}.Release|Any CPU.ActiveCfg = Release|Any CPU
		{84B3F89C-6676-4DA7-B7C5-9A1A1AA8D7D4}.Release|Any CPU.Build.0 = Release|Any CPU
		{F8B92195-8B77-4C86-895C-C0630DD3DB60}.Debug|Any CPU.ActiveCfg = Debug|Any CPU
		{F8B92195-8B77-4C86-895C-C0630DD3DB60}.Debug|Any CPU.Build.0 = Debug|Any CPU
		{F8B92195-8B77-4C86-895C-C0630DD3DB60}.Release|Any CPU.ActiveCfg = Release|Any CPU
		{F8B92195-8B77-4C86-895C-C0630DD3DB60}.Release|Any CPU.Build.0 = Release|Any CPU
	EndGlobalSection
	GlobalSection(SolutionProperties) = preSolution
		HideSolutionNode = FALSE
	EndGlobalSection
	GlobalSection(ExtensibilityGlobals) = postSolution
		SolutionGuid = {78FCA9ED-29AD-402C-BD3C-2DB9370542FC}
	EndGlobalSection
EndGlobal
